// !$*UTF8*$!
{
	archiveVersion = 1;
	classes = {
	};
	objectVersion = 46;
	objects = {

/* Begin PBXBuildFile section */
		1A3EB2D81DFF348700DEF8FF /* AppDelegate.swift in Sources */ = {isa = PBXBuildFile; fileRef = 1A3EB2D71DFF348700DEF8FF /* AppDelegate.swift */; };
		1A3EB2DA1DFF348700DEF8FF /* ViewController.swift in Sources */ = {isa = PBXBuildFile; fileRef = 1A3EB2D91DFF348700DEF8FF /* ViewController.swift */; };
		1A3EB2DD1DFF348700DEF8FF /* Main.storyboard in Resources */ = {isa = PBXBuildFile; fileRef = 1A3EB2DB1DFF348700DEF8FF /* Main.storyboard */; };
		1A3EB2DF1DFF348700DEF8FF /* Assets.xcassets in Resources */ = {isa = PBXBuildFile; fileRef = 1A3EB2DE1DFF348700DEF8FF /* Assets.xcassets */; };
		1A3EB2E21DFF348700DEF8FF /* LaunchScreen.storyboard in Resources */ = {isa = PBXBuildFile; fileRef = 1A3EB2E01DFF348700DEF8FF /* LaunchScreen.storyboard */; };
		1A3EB2EA1DFF3A0500DEF8FF /* SnowViewController.swift in Sources */ = {isa = PBXBuildFile; fileRef = 1A3EB2E91DFF3A0500DEF8FF /* SnowViewController.swift */; };
		1A3EB2ED1DFF55AD00DEF8FF /* SpaceShipViewController.swift in Sources */ = {isa = PBXBuildFile; fileRef = 1A3EB2EB1DFF55AD00DEF8FF /* SpaceShipViewController.swift */; };
/* End PBXBuildFile section */

/* Begin PBXFileReference section */
		1A3EB2D41DFF348700DEF8FF /* Physics.app */ = {isa = PBXFileReference; explicitFileType = wrapper.application; includeInIndex = 0; path = Physics.app; sourceTree = BUILT_PRODUCTS_DIR; };
		1A3EB2D71DFF348700DEF8FF /* AppDelegate.swift */ = {isa = PBXFileReference; lastKnownFileType = sourcecode.swift; path = AppDelegate.swift; sourceTree = "<group>"; };
		1A3EB2D91DFF348700DEF8FF /* ViewController.swift */ = {isa = PBXFileReference; lastKnownFileType = sourcecode.swift; path = ViewController.swift; sourceTree = "<group>"; };
		1A3EB2DC1DFF348700DEF8FF /* Base */ = {isa = PBXFileReference; lastKnownFileType = file.storyboard; name = Base; path = Base.lproj/Main.storyboard; sourceTree = "<group>"; };
		1A3EB2DE1DFF348700DEF8FF /* Assets.xcassets */ = {isa = PBXFileReference; lastKnownFileType = folder.assetcatalog; path = Assets.xcassets; sourceTree = "<group>"; };
		1A3EB2E11DFF348700DEF8FF /* Base */ = {isa = PBXFileReference; lastKnownFileType = file.storyboard; name = Base; path = Base.lproj/LaunchScreen.storyboard; sourceTree = "<group>"; };
		1A3EB2E31DFF348800DEF8FF /* Info.plist */ = {isa = PBXFileReference; lastKnownFileType = text.plist.xml; path = Info.plist; sourceTree = "<group>"; };
		1A3EB2E91DFF3A0500DEF8FF /* SnowViewController.swift */ = {isa = PBXFileReference; fileEncoding = 4; lastKnownFileType = sourcecode.swift; path = SnowViewController.swift; sourceTree = "<group>"; };
		1A3EB2EB1DFF55AD00DEF8FF /* SpaceShipViewController.swift */ = {isa = PBXFileReference; fileEncoding = 4; lastKnownFileType = sourcecode.swift; path = SpaceShipViewController.swift; sourceTree = "<group>"; };
/* End PBXFileReference section */

/* Begin PBXFrameworksBuildPhase section */
		1A3EB2D11DFF348700DEF8FF /* Frameworks */ = {
			isa = PBXFrameworksBuildPhase;
			buildActionMask = 2147483647;
			files = (
			);
			runOnlyForDeploymentPostprocessing = 0;
		};
/* End PBXFrameworksBuildPhase section */

/* Begin PBXGroup section */
		1A3EB2CB1DFF348700DEF8FF = {
			isa = PBXGroup;
			children = (
				1A3EB2D61DFF348700DEF8FF /* Physics */,
				1A3EB2D51DFF348700DEF8FF /* Products */,
			);
			sourceTree = "<group>";
		};
		1A3EB2D51DFF348700DEF8FF /* Products */ = {
			isa = PBXGroup;
			children = (
				1A3EB2D41DFF348700DEF8FF /* Physics.app */,
			);
			name = Products;
			sourceTree = "<group>";
		};
		1A3EB2D61DFF348700DEF8FF /* Physics */ = {
			isa = PBXGroup;
			children = (
				1A3EB2D71DFF348700DEF8FF /* AppDelegate.swift */,
				1A3EB2D91DFF348700DEF8FF /* ViewController.swift */,
				1A3EB2DB1DFF348700DEF8FF /* Main.storyboard */,
				1A3EB2DE1DFF348700DEF8FF /* Assets.xcassets */,
				1A3EB2E01DFF348700DEF8FF /* LaunchScreen.storyboard */,
				1A3EB2E31DFF348800DEF8FF /* Info.plist */,
				1A3EB2E91DFF3A0500DEF8FF /* SnowViewController.swift */,
				1A3EB2EB1DFF55AD00DEF8FF /* SpaceShipViewController.swift */,
			);
			path = Physics;
			sourceTree = "<group>";
		};
/* End PBXGroup section */

/* Begin PBXNativeTarget section */
		1A3EB2D31DFF348700DEF8FF /* Physics */ = {
			isa = PBXNativeTarget;
			buildConfigurationList = 1A3EB2E61DFF348800DEF8FF /* Build configuration list for PBXNativeTarget "Physics" */;
			buildPhases = (
				1A3EB2D01DFF348700DEF8FF /* Sources */,
				1A3EB2D11DFF348700DEF8FF /* Frameworks */,
				1A3EB2D21DFF348700DEF8FF /* Resources */,
			);
			buildRules = (
			);
			dependencies = (
			);
			name = Physics;
			productName = Physics;
			productReference = 1A3EB2D41DFF348700DEF8FF /* Physics.app */;
			productType = "com.apple.product-type.application";
		};
/* End PBXNativeTarget section */

/* Begin PBXProject section */
		1A3EB2CC1DFF348700DEF8FF /* Project object */ = {
			isa = PBXProject;
			attributes = {
				LastSwiftUpdateCheck = 0810;
				LastUpgradeCheck = 0810;
				ORGANIZATIONNAME = "Sara Hender";
				TargetAttributes = {
					1A3EB2D31DFF348700DEF8FF = {
						CreatedOnToolsVersion = 8.1;
						ProvisioningStyle = Automatic;
					};
				};
			};
			buildConfigurationList = 1A3EB2CF1DFF348700DEF8FF /* Build configuration list for PBXProject "Physics" */;
			compatibilityVersion = "Xcode 3.2";
			developmentRegion = English;
			hasScannedForEncodings = 0;
			knownRegions = (
				en,
				Base,
			);
			mainGroup = 1A3EB2CB1DFF348700DEF8FF;
			productRefGroup = 1A3EB2D51DFF348700DEF8FF /* Products */;
			projectDirPath = "";
			projectRoot = "";
			targets = (
				1A3EB2D31DFF348700DEF8FF /* Physics */,
			);
		};
/* End PBXProject section */

/* Begin PBXResourcesBuildPhase section */
		1A3EB2D21DFF348700DEF8FF /* Resources */ = {
			isa = PBXResourcesBuildPhase;
			buildActionMask = 2147483647;
			files = (
				1A3EB2E21DFF348700DEF8FF /* LaunchScreen.storyboard in Resources */,
				1A3EB2DF1DFF348700DEF8FF /* Assets.xcassets in Resources */,
				1A3EB2DD1DFF348700DEF8FF /* Main.storyboard in Resources */,
			);
			runOnlyForDeploymentPostprocessing = 0;
		};
/* End PBXResourcesBuildPhase section */

/* Begin PBXSourcesBuildPhase section */
		1A3EB2D01DFF348700DEF8FF /* Sources */ = {
			isa = PBXSourcesBuildPhase;
			buildActionMask = 2147483647;
			files = (
				1A3EB2DA1DFF348700DEF8FF /* ViewController.swift in Sources */,
				1A3EB2D81DFF348700DEF8FF /* AppDelegate.swift in Sources */,
				1A3EB2EA1DFF3A0500DEF8FF /* SnowViewController.swift in Sources */,
				1A3EB2ED1DFF55AD00DEF8FF /* SpaceShipViewController.swift in Sources */,
			);
			runOnlyForDeploymentPostprocessing = 0;
		};
/* End PBXSourcesBuildPhase section */

/* Begin PBXVariantGroup section */
		1A3EB2DB1DFF348700DEF8FF /* Main.storyboard */ = {
			isa = PBXVariantGroup;
			children = (
				1A3EB2DC1DFF348700DEF8FF /* Base */,
			);
			name = Main.storyboard;
			sourceTree = "<group>";
		};
		1A3EB2E01DFF348700DEF8FF /* LaunchScreen.storyboard */ = {
			isa = PBXVariantGroup;
			children = (
				1A3EB2E11DFF348700DEF8FF /* Base */,
			);
			name = LaunchScreen.storyboard;
			sourceTree = "<group>";
		};
/* End PBXVariantGroup section */

/* Begin XCBuildConfiguration section */
		1A3EB2E41DFF348800DEF8FF /* Debug */ = {
			isa = XCBuildConfiguration;
			buildSettings = {
				ALWAYS_SEARCH_USER_PATHS = NO;
				CLANG_ANALYZER_NONNULL = YES;
				CLANG_CXX_LANGUAGE_STANDARD = "gnu++0x";
				CLANG_CXX_LIBRARY = "libc++";
				CLANG_ENABLE_MODULES = YES;
				CLANG_ENABLE_OBJC_ARC = YES;
				CLANG_WARN_BOOL_CONVERSION = YES;
				CLANG_WARN_CONSTANT_CONVERSION = YES;
				CLANG_WARN_DIRECT_OBJC_ISA_USAGE = YES_ERROR;
				CLANG_WARN_DOCUMENTATION_COMMENTS = YES;
				CLANG_WARN_EMPTY_BODY = YES;
				CLANG_WARN_ENUM_CONVERSION = YES;
				CLANG_WARN_INFINITE_RECURSION = YES;
				CLANG_WARN_INT_CONVERSION = YES;
				CLANG_WARN_OBJC_ROOT_CLASS = YES_ERROR;
				CLANG_WARN_SUSPICIOUS_MOVES = YES;
				CLANG_WARN_UNREACHABLE_CODE = YES;
				CLANG_WARN__DUPLICATE_METHOD_MATCH = YES;
				"CODE_SIGN_IDENTITY[sdk=iphoneos*]" = "iPhone Developer";
				COPY_PHASE_STRIP = NO;
				DEBUG_INFORMATION_FORMAT = dwarf;
				ENABLE_STRICT_OBJC_MSGSEND = YES;
				ENABLE_TESTABILITY = YES;
				GCC_C_LANGUAGE_STANDARD = gnu99;
				GCC_DYNAMIC_NO_PIC = NO;
				GCC_NO_COMMON_BLOCKS = YES;
				GCC_OPTIMIZATION_LEVEL = 0;
				GCC_PREPROCESSOR_DEFINITIONS = (
					"DEBUG=1",
					"$(inherited)",
				);
				GCC_WARN_64_TO_32_BIT_CONVERSION = YES;
				GCC_WARN_ABOUT_RETURN_TYPE = YES_ERROR;
				GCC_WARN_UNDECLARED_SELECTOR = YES;
				GCC_WARN_UNINITIALIZED_AUTOS = YES_AGGRESSIVE;
				GCC_WARN_UNUSED_FUNCTION = YES;
				GCC_WARN_UNUSED_VARIABLE = YES;
				IPHONEOS_DEPLOYMENT_TARGET = 10.1;
				MTL_ENABLE_DEBUG_INFO = YES;
				ONLY_ACTIVE_ARCH = YES;
				SDKROOT = iphoneos;
				SWIFT_ACTIVE_COMPILATION_CONDITIONS = DEBUG;
				SWIFT_OPTIMIZATION_LEVEL = "-Onone";
				TARGETED_DEVICE_FAMILY = "1,2";
			};
			name = Debug;
		};
		1A3EB2E51DFF348800DEF8FF /* Release */ = {
			isa = XCBuildConfiguration;
			buildSettings = {
				ALWAYS_SEARCH_USER_PATHS = NO;
				CLANG_ANALYZER_NONNULL = YES;
				CLANG_CXX_LANGUAGE_STANDARD = "gnu++0x";
				CLANG_CXX_LIBRARY = "libc++";
				CLANG_ENABLE_MODULES = YES;
				CLANG_ENABLE_OBJC_ARC = YES;
				CLANG_WARN_BOOL_CONVERSION = YES;
				CLANG_WARN_CONSTANT_CONVERSION = YES;
				CLANG_WARN_DIRECT_OBJC_ISA_USAGE = YES_ERROR;
				CLANG_WARN_DOCUMENTATION_COMMENTS = YES;
				CLANG_WARN_EMPTY_BODY = YES;
				CLANG_WARN_ENUM_CONVERSION = YES;
				CLANG_WARN_INFINITE_RECURSION = YES;
				CLANG_WARN_INT_CONVERSION = YES;
				CLANG_WARN_OBJC_ROOT_CLASS = YES_ERROR;
				CLANG_WARN_SUSPICIOUS_MOVES = YES;
				CLANG_WARN_UNREACHABLE_CODE = YES;
				CLANG_WARN__DUPLICATE_METHOD_MATCH = YES;
				"CODE_SIGN_IDENTITY[sdk=iphoneos*]" = "iPhone Developer";
				COPY_PHASE_STRIP = NO;
				DEBUG_INFORMATION_FORMAT = "dwarf-with-dsym";
				ENABLE_NS_ASSERTIONS = NO;
				ENABLE_STRICT_OBJC_MSGSEND = YES;
				GCC_C_LANGUAGE_STANDARD = gnu99;
				GCC_NO_COMMON_BLOCKS = YES;
				GCC_WARN_64_TO_32_BIT_CONVERSION = YES;
				GCC_WARN_ABOUT_RETURN_TYPE = YES_ERROR;
				GCC_WARN_UNDECLARED_SELECTOR = YES;
				GCC_WARN_UNINITIALIZED_AUTOS = YES_AGGRESSIVE;
				GCC_WARN_UNUSED_FUNCTION = YES;
				GCC_WARN_UNUSED_VARIABLE = YES;
				IPHONEOS_DEPLOYMENT_TARGET = 10.1;
				MTL_ENABLE_DEBUG_INFO = NO;
				SDKROOT = iphoneos;
				SWIFT_OPTIMIZATION_LEVEL = "-Owholemodule";
				TARGETED_DEVICE_FAMILY = "1,2";
				VALIDATE_PRODUCT = YES;
			};
			name = Release;
		};
		1A3EB2E71DFF348800DEF8FF /* Debug */ = {
			isa = XCBuildConfiguration;
			buildSettings = {
				ASSETCATALOG_COMPILER_APPICON_NAME = AppIcon;
				INFOPLIST_FILE = Physics/Info.plist;
				LD_RUNPATH_SEARCH_PATHS = "$(inherited) @executable_path/Frameworks";
				PRODUCT_BUNDLE_IDENTIFIER = xyz.Physics;
				PRODUCT_NAME = "$(TARGET_NAME)";
				SWIFT_VERSION = 3.0;
			};
			name = Debug;
		};
		1A3EB2E81DFF348800DEF8FF /* Release */ = {
			isa = XCBuildConfiguration;
			buildSettings = {
				ASSETCATALOG_COMPILER_APPICON_NAME = AppIcon;
				INFOPLIST_FILE = Physics/Info.plist;
				LD_RUNPATH_SEARCH_PATHS = "$(inherited) @executable_path/Frameworks";
				PRODUCT_BUNDLE_IDENTIFIER = xyz.Physics;
				PRODUCT_NAME = "$(TARGET_NAME)";
				SWIFT_VERSION = 3.0;
			};
			name = Release;
		};
/* End XCBuildConfiguration section */

/* Begin XCConfigurationList section */
		1A3EB2CF1DFF348700DEF8FF /* Build configuration list for PBXProject "Physics" */ = {
			isa = XCConfigurationList;
			buildConfigurations = (
				1A3EB2E41DFF348800DEF8FF /* Debug */,
				1A3EB2E51DFF348800DEF8FF /* Release */,
			);
			defaultConfigurationIsVisible = 0;
			defaultConfigurationName = Release;
		};
		1A3EB2E61DFF348800DEF8FF /* Build configuration list for PBXNativeTarget "Physics" */ = {
			isa = XCConfigurationList;
			buildConfigurations = (
				1A3EB2E71DFF348800DEF8FF /* Debug */,
				1A3EB2E81DFF348800DEF8FF /* Release */,
			);
			defaultConfigurationIsVisible = 0;
		};
/* End XCConfigurationList section */
	};
	rootObject = 1A3EB2CC1DFF348700DEF8FF /* Project object */;
}
